Microsoft Visual Studio Solution File, Format Version 12.00
# Visual Studio Version 17
VisualStudioVersion = 17.5.2.0
MinimumVisualStudioVersion = 10.0.40219.1
Project("{FAE04EC0-301F-11D3-BF4B-00C04F79EFBC}") = "NeoIsisJob", "NeoIsisJob.csproj", "{CFD6377A-D0CF-A538-D0E7-CFB358AB44DB}"
EndProject
Global
	GlobalSection(SolutionConfigurationPlatforms) = preSolution
		Debug|Any CPU = Debug|Any CPU
		Release|Any CPU = Release|Any CPU
	EndGlobalSection
	GlobalSection(ProjectConfigurationPlatforms) = postSolution
		{CFD6377A-D0CF-A538-D0E7-CFB358AB44DB}.Debug|Any CPU.ActiveCfg = Debug|Any CPU
		{CFD6377A-D0CF-A538-D0E7-CFB358AB44DB}.Debug|Any CPU.Build.0 = Debug|Any CPU
		{CFD6377A-D0CF-A538-D0E7-CFB358AB44DB}.Release|Any CPU.ActiveCfg = Release|Any CPU
		{CFD6377A-D0CF-A538-D0E7-CFB358AB44DB}.Release|Any CPU.Build.0 = Release|Any CPU
	EndGlobalSection
	GlobalSection(SolutionProperties) = preSolution
		HideSolutionNode = FALSE
	EndGlobalSection
	GlobalSection(ExtensibilityGlobals) = postSolution
		SolutionGuid = {D6960425-7884-4E9B-8F89-CB0379DBEF40}
	EndGlobalSection
EndGlobal
