Microsoft Visual Studio Solution File, Format Version 12.00
# Visual Studio Version 17
VisualStudioVersion = 17.5.2.0
MinimumVisualStudioVersion = 10.0.40219.1
Project("{9A19103F-16F7-4668-BE54-9A1E7A4F7556}") = "NeoIsisJob", "NeoIsisJob.csproj", "{CFD6377A-D0CF-A538-D0E7-CFB358AB44DB}"
EndProject
Project("{9A19103F-16F7-4668-BE54-9A1E7A4F7556}") = "Tests", "..\Tests\Tests.csproj", "{440C120A-2FEB-44BB-8286-99F4D42E85B3}"
EndProject
Global
	GlobalSection(SolutionConfigurationPlatforms) = preSolution
		Debug|Any CPU = Debug|Any CPU
		Debug|ARM64 = Debug|ARM64
		Debug|x64 = Debug|x64
		Release|Any CPU = Release|Any CPU
		Release|ARM64 = Release|ARM64
		Release|x64 = Release|x64
	EndGlobalSection
	GlobalSection(ProjectConfigurationPlatforms) = postSolution
		{CFD6377A-D0CF-A538-D0E7-CFB358AB44DB}.Debug|Any CPU.ActiveCfg = Debug|x64
		{CFD6377A-D0CF-A538-D0E7-CFB358AB44DB}.Debug|Any CPU.Build.0 = Debug|x64
		{CFD6377A-D0CF-A538-D0E7-CFB358AB44DB}.Debug|Any CPU.Deploy.0 = Debug|x64
		{CFD6377A-D0CF-A538-D0E7-CFB358AB44DB}.Debug|ARM64.ActiveCfg = Debug|ARM64
		{CFD6377A-D0CF-A538-D0E7-CFB358AB44DB}.Debug|ARM64.Build.0 = Debug|ARM64
		{CFD6377A-D0CF-A538-D0E7-CFB358AB44DB}.Debug|ARM64.Deploy.0 = Debug|ARM64
		{CFD6377A-D0CF-A538-D0E7-CFB358AB44DB}.Debug|x64.ActiveCfg = Debug|x64
		{CFD6377A-D0CF-A538-D0E7-CFB358AB44DB}.Debug|x64.Build.0 = Debug|x64
		{CFD6377A-D0CF-A538-D0E7-CFB358AB44DB}.Debug|x64.Deploy.0 = Debug|x64
		{CFD6377A-D0CF-A538-D0E7-CFB358AB44DB}.Release|Any CPU.ActiveCfg = Release|ARM64
		{CFD6377A-D0CF-A538-D0E7-CFB358AB44DB}.Release|Any CPU.Build.0 = Release|ARM64
		{CFD6377A-D0CF-A538-D0E7-CFB358AB44DB}.Release|ARM64.ActiveCfg = Release|ARM64
		{CFD6377A-D0CF-A538-D0E7-CFB358AB44DB}.Release|ARM64.Build.0 = Release|ARM64
		{CFD6377A-D0CF-A538-D0E7-CFB358AB44DB}.Release|ARM64.Deploy.0 = Release|ARM64
		{CFD6377A-D0CF-A538-D0E7-CFB358AB44DB}.Release|x64.ActiveCfg = Release|x64
		{CFD6377A-D0CF-A538-D0E7-CFB358AB44DB}.Release|x64.Build.0 = Release|x64
		{CFD6377A-D0CF-A538-D0E7-CFB358AB44DB}.Release|x64.Deploy.0 = Release|x64
		{440C120A-2FEB-44BB-8286-99F4D42E85B3}.Debug|Any CPU.ActiveCfg = Debug|x64
		{440C120A-2FEB-44BB-8286-99F4D42E85B3}.Debug|Any CPU.Build.0 = Debug|x64
		{440C120A-2FEB-44BB-8286-99F4D42E85B3}.Debug|ARM64.ActiveCfg = Debug|ARM64
		{440C120A-2FEB-44BB-8286-99F4D42E85B3}.Debug|ARM64.Build.0 = Debug|ARM64
		{440C120A-2FEB-44BB-8286-99F4D42E85B3}.Debug|x64.ActiveCfg = Debug|x64
		{440C120A-2FEB-44BB-8286-99F4D42E85B3}.Debug|x64.Build.0 = Debug|x64
		{440C120A-2FEB-44BB-8286-99F4D42E85B3}.Release|Any CPU.ActiveCfg = Release|x64
		{440C120A-2FEB-44BB-8286-99F4D42E85B3}.Release|Any CPU.Build.0 = Release|x64
		{440C120A-2FEB-44BB-8286-99F4D42E85B3}.Release|ARM64.ActiveCfg = Release|ARM64
		{440C120A-2FEB-44BB-8286-99F4D42E85B3}.Release|ARM64.Build.0 = Release|ARM64
		{440C120A-2FEB-44BB-8286-99F4D42E85B3}.Release|x64.ActiveCfg = Release|x64
		{440C120A-2FEB-44BB-8286-99F4D42E85B3}.Release|x64.Build.0 = Release|x64
	EndGlobalSection
	GlobalSection(SolutionProperties) = preSolution
		HideSolutionNode = FALSE
	EndGlobalSection
	GlobalSection(ExtensibilityGlobals) = postSolution
		SolutionGuid = {D6960425-7884-4E9B-8F89-CB0379DBEF40}
	EndGlobalSection
EndGlobal
